// !$*UTF8*$!
{
	archiveVersion = 1;
	classes = {
	};
	objectVersion = 56;
	objects = {

/* Begin PBXBuildFile section */
		52292E6D2ABA50F4004406DD /* FeedDetailWebKit.swift in Sources */ = {isa = PBXBuildFile; fileRef = 52292E6C2ABA50F4004406DD /* FeedDetailWebKit.swift */; };
		52292E6F2ABB64E8004406DD /* DateFormatter.swift in Sources */ = {isa = PBXBuildFile; fileRef = 52292E6E2ABB64E8004406DD /* DateFormatter.swift */; };
		522C7EDF2AB0788A00460EC7 /* NetworkManager.swift in Sources */ = {isa = PBXBuildFile; fileRef = 522C7EDE2AB0788A00460EC7 /* NetworkManager.swift */; };
		522C7EE32AB0882500460EC7 /* FeedTableViewCell.swift in Sources */ = {isa = PBXBuildFile; fileRef = 522C7EE22AB0882500460EC7 /* FeedTableViewCell.swift */; };
		522C7EE52AB0F08700460EC7 /* Article.swift in Sources */ = {isa = PBXBuildFile; fileRef = 522C7EE42AB0F08700460EC7 /* Article.swift */; };
		522C7EE82AB1D00000460EC7 /* Kingfisher in Frameworks */ = {isa = PBXBuildFile; productRef = 522C7EE72AB1D00000460EC7 /* Kingfisher */; };
		5233D6432AB25FD300A2349C /* SideMenuViewController.swift in Sources */ = {isa = PBXBuildFile; fileRef = 5233D6422AB25FD300A2349C /* SideMenuViewController.swift */; };
		5233D64B2AB261E200A2349C /* SideMenuCell.swift in Sources */ = {isa = PBXBuildFile; fileRef = 5233D6492AB261E200A2349C /* SideMenuCell.swift */; };
		5233D64C2AB261E200A2349C /* SideMenuCell.xib in Resources */ = {isa = PBXBuildFile; fileRef = 5233D64A2AB261E200A2349C /* SideMenuCell.xib */; };
		5233D64E2AB261FF00A2349C /* SideMenuModel.swift in Sources */ = {isa = PBXBuildFile; fileRef = 5233D64D2AB261FF00A2349C /* SideMenuModel.swift */; };
		5233D6572AB4CFBA00A2349C /* FeedDetailViewController.swift in Sources */ = {isa = PBXBuildFile; fileRef = 5233D6552AB4CFBA00A2349C /* FeedDetailViewController.swift */; };
		5233D6582AB4CFBA00A2349C /* FeedDetailViewController.xib in Resources */ = {isa = PBXBuildFile; fileRef = 5233D6562AB4CFBA00A2349C /* FeedDetailViewController.xib */; };
		5233D65A2AB8E2B900A2349C /* BookmarksTableViewCell.swift in Sources */ = {isa = PBXBuildFile; fileRef = 5233D6592AB8E2B900A2349C /* BookmarksTableViewCell.swift */; };
		526D55682AA673A20099E9E8 /* AppDelegate.swift in Sources */ = {isa = PBXBuildFile; fileRef = 526D55672AA673A20099E9E8 /* AppDelegate.swift */; };
		526D556A2AA673A20099E9E8 /* SceneDelegate.swift in Sources */ = {isa = PBXBuildFile; fileRef = 526D55692AA673A20099E9E8 /* SceneDelegate.swift */; };
		526D556F2AA673A20099E9E8 /* Main.storyboard in Resources */ = {isa = PBXBuildFile; fileRef = 526D556D2AA673A20099E9E8 /* Main.storyboard */; };
		526D55712AA673A40099E9E8 /* Assets.xcassets in Resources */ = {isa = PBXBuildFile; fileRef = 526D55702AA673A40099E9E8 /* Assets.xcassets */; };
		526D55742AA673A40099E9E8 /* LaunchScreen.storyboard in Resources */ = {isa = PBXBuildFile; fileRef = 526D55722AA673A40099E9E8 /* LaunchScreen.storyboard */; };
		526D557D2AA67B400099E9E8 /* Lottie in Frameworks */ = {isa = PBXBuildFile; productRef = 526D557C2AA67B400099E9E8 /* Lottie */; };
		526D558F2AA7D1480099E9E8 /* UIView+Extension.swift in Sources */ = {isa = PBXBuildFile; fileRef = 526D558E2AA7D1480099E9E8 /* UIView+Extension.swift */; };
		526D55912AA7D30D0099E9E8 /* OnboardingSlide.swift in Sources */ = {isa = PBXBuildFile; fileRef = 526D55902AA7D30D0099E9E8 /* OnboardingSlide.swift */; };
		527ABE1A2AAA514400238857 /* OnboardingViewController.swift in Sources */ = {isa = PBXBuildFile; fileRef = 527ABE192AAA514400238857 /* OnboardingViewController.swift */; };
		527ABE1C2AAA515300238857 /* OnboardingCollectionViewCell.swift in Sources */ = {isa = PBXBuildFile; fileRef = 527ABE1B2AAA515300238857 /* OnboardingCollectionViewCell.swift */; };
		527ABE1F2AACEA2900238857 /* WelcomeViewController.swift in Sources */ = {isa = PBXBuildFile; fileRef = 527ABE1E2AACEA2900238857 /* WelcomeViewController.swift */; };
		527ABE242AAD0D7100238857 /* SignInViewController.swift in Sources */ = {isa = PBXBuildFile; fileRef = 527ABE232AAD0D7100238857 /* SignInViewController.swift */; };
		527ABE262AAD0D8200238857 /* SignUpViewController.swift in Sources */ = {isa = PBXBuildFile; fileRef = 527ABE252AAD0D8200238857 /* SignUpViewController.swift */; };
		527ABE282AAD107600238857 /* GoogleService-Info.plist in Resources */ = {isa = PBXBuildFile; fileRef = 527ABE272AAD107600238857 /* GoogleService-Info.plist */; };
		527ABE2B2AAD115E00238857 /* FirebaseAuth in Frameworks */ = {isa = PBXBuildFile; productRef = 527ABE2A2AAD115E00238857 /* FirebaseAuth */; };
		527ABE342AADE74600238857 /* TabBarViewController.swift in Sources */ = {isa = PBXBuildFile; fileRef = 527ABE332AADE74600238857 /* TabBarViewController.swift */; };
		527ABE362AADF87B00238857 /* Home.storyboard in Resources */ = {isa = PBXBuildFile; fileRef = 527ABE352AADF87B00238857 /* Home.storyboard */; };
		527ABE3C2AAE016800238857 /* FeedViewController.swift in Sources */ = {isa = PBXBuildFile; fileRef = 527ABE3B2AAE016800238857 /* FeedViewController.swift */; };
		527ABE3E2AAE017600238857 /* BookmarksViewController.swift in Sources */ = {isa = PBXBuildFile; fileRef = 527ABE3D2AAE017600238857 /* BookmarksViewController.swift */; };
		527ABE402AAE018200238857 /* ProfileViewController.swift in Sources */ = {isa = PBXBuildFile; fileRef = 527ABE3F2AAE018200238857 /* ProfileViewController.swift */; };
		527ABE422AAF8BBC00238857 /* UIViewController+Extension.swift in Sources */ = {isa = PBXBuildFile; fileRef = 527ABE412AAF8BBC00238857 /* UIViewController+Extension.swift */; };
/* End PBXBuildFile section */

/* Begin PBXFileReference section */
		52292E6C2ABA50F4004406DD /* FeedDetailWebKit.swift */ = {isa = PBXFileReference; lastKnownFileType = sourcecode.swift; path = FeedDetailWebKit.swift; sourceTree = "<group>"; };
		52292E6E2ABB64E8004406DD /* DateFormatter.swift */ = {isa = PBXFileReference; lastKnownFileType = sourcecode.swift; path = DateFormatter.swift; sourceTree = "<group>"; };
		522C7EDE2AB0788A00460EC7 /* NetworkManager.swift */ = {isa = PBXFileReference; lastKnownFileType = sourcecode.swift; path = NetworkManager.swift; sourceTree = "<group>"; };
		522C7EE22AB0882500460EC7 /* FeedTableViewCell.swift */ = {isa = PBXFileReference; lastKnownFileType = sourcecode.swift; path = FeedTableViewCell.swift; sourceTree = "<group>"; };
		522C7EE42AB0F08700460EC7 /* Article.swift */ = {isa = PBXFileReference; lastKnownFileType = sourcecode.swift; path = Article.swift; sourceTree = "<group>"; };
		5233D6422AB25FD300A2349C /* SideMenuViewController.swift */ = {isa = PBXFileReference; lastKnownFileType = sourcecode.swift; path = SideMenuViewController.swift; sourceTree = "<group>"; };
		5233D6492AB261E200A2349C /* SideMenuCell.swift */ = {isa = PBXFileReference; lastKnownFileType = sourcecode.swift; path = SideMenuCell.swift; sourceTree = "<group>"; };
		5233D64A2AB261E200A2349C /* SideMenuCell.xib */ = {isa = PBXFileReference; lastKnownFileType = file.xib; path = SideMenuCell.xib; sourceTree = "<group>"; };
		5233D64D2AB261FF00A2349C /* SideMenuModel.swift */ = {isa = PBXFileReference; lastKnownFileType = sourcecode.swift; path = SideMenuModel.swift; sourceTree = "<group>"; };
		5233D6552AB4CFBA00A2349C /* FeedDetailViewController.swift */ = {isa = PBXFileReference; lastKnownFileType = sourcecode.swift; path = FeedDetailViewController.swift; sourceTree = "<group>"; };
		5233D6562AB4CFBA00A2349C /* FeedDetailViewController.xib */ = {isa = PBXFileReference; lastKnownFileType = file.xib; path = FeedDetailViewController.xib; sourceTree = "<group>"; };
		5233D6592AB8E2B900A2349C /* BookmarksTableViewCell.swift */ = {isa = PBXFileReference; lastKnownFileType = sourcecode.swift; path = BookmarksTableViewCell.swift; sourceTree = "<group>"; };
		526D55642AA673A20099E9E8 /* NewsApp.app */ = {isa = PBXFileReference; explicitFileType = wrapper.application; includeInIndex = 0; path = NewsApp.app; sourceTree = BUILT_PRODUCTS_DIR; };
		526D55672AA673A20099E9E8 /* AppDelegate.swift */ = {isa = PBXFileReference; lastKnownFileType = sourcecode.swift; path = AppDelegate.swift; sourceTree = "<group>"; };
		526D55692AA673A20099E9E8 /* SceneDelegate.swift */ = {isa = PBXFileReference; lastKnownFileType = sourcecode.swift; path = SceneDelegate.swift; sourceTree = "<group>"; };
		526D556E2AA673A20099E9E8 /* Base */ = {isa = PBXFileReference; lastKnownFileType = file.storyboard; name = Base; path = Base.lproj/Main.storyboard; sourceTree = "<group>"; };
		526D55702AA673A40099E9E8 /* Assets.xcassets */ = {isa = PBXFileReference; lastKnownFileType = folder.assetcatalog; path = Assets.xcassets; sourceTree = "<group>"; };
		526D55732AA673A40099E9E8 /* Base */ = {isa = PBXFileReference; lastKnownFileType = file.storyboard; name = Base; path = Base.lproj/LaunchScreen.storyboard; sourceTree = "<group>"; };
		526D55752AA673A40099E9E8 /* Info.plist */ = {isa = PBXFileReference; lastKnownFileType = text.plist.xml; path = Info.plist; sourceTree = "<group>"; };
		526D558E2AA7D1480099E9E8 /* UIView+Extension.swift */ = {isa = PBXFileReference; lastKnownFileType = sourcecode.swift; path = "UIView+Extension.swift"; sourceTree = "<group>"; };
		526D55902AA7D30D0099E9E8 /* OnboardingSlide.swift */ = {isa = PBXFileReference; lastKnownFileType = sourcecode.swift; path = OnboardingSlide.swift; sourceTree = "<group>"; };
		527ABE192AAA514400238857 /* OnboardingViewController.swift */ = {isa = PBXFileReference; fileEncoding = 4; lastKnownFileType = sourcecode.swift; path = OnboardingViewController.swift; sourceTree = "<group>"; };
		527ABE1B2AAA515300238857 /* OnboardingCollectionViewCell.swift */ = {isa = PBXFileReference; fileEncoding = 4; lastKnownFileType = sourcecode.swift; path = OnboardingCollectionViewCell.swift; sourceTree = "<group>"; };
		527ABE1E2AACEA2900238857 /* WelcomeViewController.swift */ = {isa = PBXFileReference; lastKnownFileType = sourcecode.swift; path = WelcomeViewController.swift; sourceTree = "<group>"; };
		527ABE232AAD0D7100238857 /* SignInViewController.swift */ = {isa = PBXFileReference; lastKnownFileType = sourcecode.swift; path = SignInViewController.swift; sourceTree = "<group>"; };
		527ABE252AAD0D8200238857 /* SignUpViewController.swift */ = {isa = PBXFileReference; lastKnownFileType = sourcecode.swift; path = SignUpViewController.swift; sourceTree = "<group>"; };
		527ABE272AAD107600238857 /* GoogleService-Info.plist */ = {isa = PBXFileReference; fileEncoding = 4; lastKnownFileType = text.plist.xml; path = "GoogleService-Info.plist"; sourceTree = "<group>"; };
		527ABE332AADE74600238857 /* TabBarViewController.swift */ = {isa = PBXFileReference; lastKnownFileType = sourcecode.swift; path = TabBarViewController.swift; sourceTree = "<group>"; };
		527ABE352AADF87B00238857 /* Home.storyboard */ = {isa = PBXFileReference; lastKnownFileType = file.storyboard; path = Home.storyboard; sourceTree = "<group>"; };
		527ABE3B2AAE016800238857 /* FeedViewController.swift */ = {isa = PBXFileReference; lastKnownFileType = sourcecode.swift; path = FeedViewController.swift; sourceTree = "<group>"; };
		527ABE3D2AAE017600238857 /* BookmarksViewController.swift */ = {isa = PBXFileReference; lastKnownFileType = sourcecode.swift; path = BookmarksViewController.swift; sourceTree = "<group>"; };
		527ABE3F2AAE018200238857 /* ProfileViewController.swift */ = {isa = PBXFileReference; lastKnownFileType = sourcecode.swift; path = ProfileViewController.swift; sourceTree = "<group>"; };
		527ABE412AAF8BBC00238857 /* UIViewController+Extension.swift */ = {isa = PBXFileReference; lastKnownFileType = sourcecode.swift; path = "UIViewController+Extension.swift"; sourceTree = "<group>"; };
/* End PBXFileReference section */

/* Begin PBXFrameworksBuildPhase section */
		526D55612AA673A20099E9E8 /* Frameworks */ = {
			isa = PBXFrameworksBuildPhase;
			buildActionMask = 2147483647;
			files = (
				522C7EE82AB1D00000460EC7 /* Kingfisher in Frameworks */,
				526D557D2AA67B400099E9E8 /* Lottie in Frameworks */,
				527ABE2B2AAD115E00238857 /* FirebaseAuth in Frameworks */,
			);
			runOnlyForDeploymentPostprocessing = 0;
		};
/* End PBXFrameworksBuildPhase section */

/* Begin PBXGroup section */
		522C7EDD2AB0787C00460EC7 /* Networking */ = {
			isa = PBXGroup;
			children = (
				522C7EDE2AB0788A00460EC7 /* NetworkManager.swift */,
			);
			path = Networking;
			sourceTree = "<group>";
		};
		5233D63F2AB25DE300A2349C /* Supporting */ = {
			isa = PBXGroup;
			children = (
				526D55702AA673A40099E9E8 /* Assets.xcassets */,
				526D55672AA673A20099E9E8 /* AppDelegate.swift */,
				526D55692AA673A20099E9E8 /* SceneDelegate.swift */,
			);
			path = Supporting;
			sourceTree = "<group>";
		};
		5233D6402AB25DF800A2349C /* View */ = {
			isa = PBXGroup;
			children = (
				526D556D2AA673A20099E9E8 /* Main.storyboard */,
				527ABE352AADF87B00238857 /* Home.storyboard */,
				526D55722AA673A40099E9E8 /* LaunchScreen.storyboard */,
				5233D6562AB4CFBA00A2349C /* FeedDetailViewController.xib */,
			);
			path = View;
			sourceTree = "<group>";
		};
		5233D6412AB25FBB00A2349C /* SideMenu */ = {
			isa = PBXGroup;
			children = (
				5233D64F2AB262F500A2349C /* Cell */,
				5233D6422AB25FD300A2349C /* SideMenuViewController.swift */,
				5233D64D2AB261FF00A2349C /* SideMenuModel.swift */,
			);
			path = SideMenu;
			sourceTree = "<group>";
		};
		5233D6442AB2601200A2349C /* TabBar */ = {
			isa = PBXGroup;
			children = (
				527ABE332AADE74600238857 /* TabBarViewController.swift */,
			);
			path = TabBar;
			sourceTree = "<group>";
		};
		5233D64F2AB262F500A2349C /* Cell */ = {
			isa = PBXGroup;
			children = (
				5233D6492AB261E200A2349C /* SideMenuCell.swift */,
				5233D64A2AB261E200A2349C /* SideMenuCell.xib */,
			);
			path = Cell;
			sourceTree = "<group>";
		};
		5233D6522AB4878C00A2349C /* FeedDetail */ = {
			isa = PBXGroup;
			children = (
				5233D6552AB4CFBA00A2349C /* FeedDetailViewController.swift */,
				52292E6C2ABA50F4004406DD /* FeedDetailWebKit.swift */,
			);
			path = FeedDetail;
			sourceTree = "<group>";
		};
		526D555B2AA673A20099E9E8 = {
			isa = PBXGroup;
			children = (
				526D55662AA673A20099E9E8 /* NewsApp */,
				526D55652AA673A20099E9E8 /* Products */,
			);
			sourceTree = "<group>";
		};
		526D55652AA673A20099E9E8 /* Products */ = {
			isa = PBXGroup;
			children = (
				526D55642AA673A20099E9E8 /* NewsApp.app */,
			);
			name = Products;
			sourceTree = "<group>";
		};
		526D55662AA673A20099E9E8 /* NewsApp */ = {
			isa = PBXGroup;
			children = (
				5233D6402AB25DF800A2349C /* View */,
				5233D63F2AB25DE300A2349C /* Supporting */,
				522C7EDD2AB0787C00460EC7 /* Networking */,
				526D558D2AA7D1270099E9E8 /* Extensions */,
				526D55882AA7CA070099E9E8 /* Models */,
				526D55862AA6899A0099E9E8 /* ViewController */,
				526D55752AA673A40099E9E8 /* Info.plist */,
				527ABE272AAD107600238857 /* GoogleService-Info.plist */,
			);
			path = NewsApp;
			sourceTree = "<group>";
		};
		526D55862AA6899A0099E9E8 /* ViewController */ = {
			isa = PBXGroup;
			children = (
				526D558A2AA7CA650099E9E8 /* Onboarding */,
				527ABE1D2AACEA0000238857 /* Welcome */,
				527ABE212AAD0D2700238857 /* SignIn */,
				527ABE222AAD0D3F00238857 /* SignUp */,
				5233D6442AB2601200A2349C /* TabBar */,
				5233D6412AB25FBB00A2349C /* SideMenu */,
				527ABE372AAE00E900238857 /* Feed */,
				5233D6522AB4878C00A2349C /* FeedDetail */,
				527ABE392AAE012400238857 /* Bookmarks */,
				527ABE3A2AAE013B00238857 /* Profile */,
			);
			path = ViewController;
			sourceTree = "<group>";
		};
		526D55882AA7CA070099E9E8 /* Models */ = {
			isa = PBXGroup;
			children = (
				526D55902AA7D30D0099E9E8 /* OnboardingSlide.swift */,
				522C7EE42AB0F08700460EC7 /* Article.swift */,
			);
			path = Models;
			sourceTree = "<group>";
		};
		526D558A2AA7CA650099E9E8 /* Onboarding */ = {
			isa = PBXGroup;
			children = (
				527ABE192AAA514400238857 /* OnboardingViewController.swift */,
				527ABE1B2AAA515300238857 /* OnboardingCollectionViewCell.swift */,
			);
			path = Onboarding;
			sourceTree = "<group>";
		};
		526D558D2AA7D1270099E9E8 /* Extensions */ = {
			isa = PBXGroup;
			children = (
				526D558E2AA7D1480099E9E8 /* UIView+Extension.swift */,
				527ABE412AAF8BBC00238857 /* UIViewController+Extension.swift */,
				52292E6E2ABB64E8004406DD /* DateFormatter.swift */,
			);
			path = Extensions;
			sourceTree = "<group>";
		};
		527ABE1D2AACEA0000238857 /* Welcome */ = {
			isa = PBXGroup;
			children = (
				527ABE1E2AACEA2900238857 /* WelcomeViewController.swift */,
			);
			path = Welcome;
			sourceTree = "<group>";
		};
		527ABE212AAD0D2700238857 /* SignIn */ = {
			isa = PBXGroup;
			children = (
				527ABE232AAD0D7100238857 /* SignInViewController.swift */,
			);
			path = SignIn;
			sourceTree = "<group>";
		};
		527ABE222AAD0D3F00238857 /* SignUp */ = {
			isa = PBXGroup;
			children = (
				527ABE252AAD0D8200238857 /* SignUpViewController.swift */,
			);
			path = SignUp;
			sourceTree = "<group>";
		};
		527ABE372AAE00E900238857 /* Feed */ = {
			isa = PBXGroup;
			children = (
				527ABE3B2AAE016800238857 /* FeedViewController.swift */,
				522C7EE22AB0882500460EC7 /* FeedTableViewCell.swift */,
			);
			path = Feed;
			sourceTree = "<group>";
		};
		527ABE392AAE012400238857 /* Bookmarks */ = {
			isa = PBXGroup;
			children = (
				527ABE3D2AAE017600238857 /* BookmarksViewController.swift */,
				5233D6592AB8E2B900A2349C /* BookmarksTableViewCell.swift */,
			);
			path = Bookmarks;
			sourceTree = "<group>";
		};
		527ABE3A2AAE013B00238857 /* Profile */ = {
			isa = PBXGroup;
			children = (
				527ABE3F2AAE018200238857 /* ProfileViewController.swift */,
			);
			path = Profile;
			sourceTree = "<group>";
		};
/* End PBXGroup section */

/* Begin PBXNativeTarget section */
		526D55632AA673A20099E9E8 /* NewsApp */ = {
			isa = PBXNativeTarget;
			buildConfigurationList = 526D55782AA673A40099E9E8 /* Build configuration list for PBXNativeTarget "NewsApp" */;
			buildPhases = (
				526D55602AA673A20099E9E8 /* Sources */,
				526D55612AA673A20099E9E8 /* Frameworks */,
				526D55622AA673A20099E9E8 /* Resources */,
			);
			buildRules = (
			);
			dependencies = (
			);
			name = NewsApp;
			packageProductDependencies = (
				526D557C2AA67B400099E9E8 /* Lottie */,
				527ABE2A2AAD115E00238857 /* FirebaseAuth */,
				522C7EE72AB1D00000460EC7 /* Kingfisher */,
			);
			productName = NewsApp;
			productReference = 526D55642AA673A20099E9E8 /* NewsApp.app */;
			productType = "com.apple.product-type.application";
		};
/* End PBXNativeTarget section */

/* Begin PBXProject section */
		526D555C2AA673A20099E9E8 /* Project object */ = {
			isa = PBXProject;
			attributes = {
				BuildIndependentTargetsInParallel = 1;
				LastSwiftUpdateCheck = 1430;
				LastUpgradeCheck = 1430;
				TargetAttributes = {
					526D55632AA673A20099E9E8 = {
						CreatedOnToolsVersion = 14.3.1;
					};
				};
			};
			buildConfigurationList = 526D555F2AA673A20099E9E8 /* Build configuration list for PBXProject "NewsApp" */;
			compatibilityVersion = "Xcode 14.0";
			developmentRegion = en;
			hasScannedForEncodings = 0;
			knownRegions = (
				en,
				Base,
			);
			mainGroup = 526D555B2AA673A20099E9E8;
			packageReferences = (
				526D557B2AA67B400099E9E8 /* XCRemoteSwiftPackageReference "lottie-spm" */,
				527ABE292AAD115E00238857 /* XCRemoteSwiftPackageReference "firebase-ios-sdk" */,
				522C7EE62AB1D00000460EC7 /* XCRemoteSwiftPackageReference "Kingfisher" */,
			);
			productRefGroup = 526D55652AA673A20099E9E8 /* Products */;
			projectDirPath = "";
			projectRoot = "";
			targets = (
				526D55632AA673A20099E9E8 /* NewsApp */,
			);
		};
/* End PBXProject section */

/* Begin PBXResourcesBuildPhase section */
		526D55622AA673A20099E9E8 /* Resources */ = {
			isa = PBXResourcesBuildPhase;
			buildActionMask = 2147483647;
			files = (
				526D55742AA673A40099E9E8 /* LaunchScreen.storyboard in Resources */,
				5233D6582AB4CFBA00A2349C /* FeedDetailViewController.xib in Resources */,
				526D55712AA673A40099E9E8 /* Assets.xcassets in Resources */,
				527ABE282AAD107600238857 /* GoogleService-Info.plist in Resources */,
				527ABE362AADF87B00238857 /* Home.storyboard in Resources */,
				526D556F2AA673A20099E9E8 /* Main.storyboard in Resources */,
				5233D64C2AB261E200A2349C /* SideMenuCell.xib in Resources */,
			);
			runOnlyForDeploymentPostprocessing = 0;
		};
/* End PBXResourcesBuildPhase section */

/* Begin PBXSourcesBuildPhase section */
		526D55602AA673A20099E9E8 /* Sources */ = {
			isa = PBXSourcesBuildPhase;
			buildActionMask = 2147483647;
			files = (
				52292E6F2ABB64E8004406DD /* DateFormatter.swift in Sources */,
				527ABE3E2AAE017600238857 /* BookmarksViewController.swift in Sources */,
				527ABE1F2AACEA2900238857 /* WelcomeViewController.swift in Sources */,
				5233D6572AB4CFBA00A2349C /* FeedDetailViewController.swift in Sources */,
				526D55682AA673A20099E9E8 /* AppDelegate.swift in Sources */,
				522C7EE32AB0882500460EC7 /* FeedTableViewCell.swift in Sources */,
				5233D65A2AB8E2B900A2349C /* BookmarksTableViewCell.swift in Sources */,
				52292E6D2ABA50F4004406DD /* FeedDetailWebKit.swift in Sources */,
				527ABE342AADE74600238857 /* TabBarViewController.swift in Sources */,
				527ABE422AAF8BBC00238857 /* UIViewController+Extension.swift in Sources */,
				5233D64E2AB261FF00A2349C /* SideMenuModel.swift in Sources */,
				527ABE1A2AAA514400238857 /* OnboardingViewController.swift in Sources */,
				526D556A2AA673A20099E9E8 /* SceneDelegate.swift in Sources */,
				527ABE242AAD0D7100238857 /* SignInViewController.swift in Sources */,
				526D558F2AA7D1480099E9E8 /* UIView+Extension.swift in Sources */,
				5233D64B2AB261E200A2349C /* SideMenuCell.swift in Sources */,
				527ABE3C2AAE016800238857 /* FeedViewController.swift in Sources */,
				527ABE262AAD0D8200238857 /* SignUpViewController.swift in Sources */,
				527ABE402AAE018200238857 /* ProfileViewController.swift in Sources */,
				526D55912AA7D30D0099E9E8 /* OnboardingSlide.swift in Sources */,
				522C7EE52AB0F08700460EC7 /* Article.swift in Sources */,
				522C7EDF2AB0788A00460EC7 /* NetworkManager.swift in Sources */,
				5233D6432AB25FD300A2349C /* SideMenuViewController.swift in Sources */,
				527ABE1C2AAA515300238857 /* OnboardingCollectionViewCell.swift in Sources */,
			);
			runOnlyForDeploymentPostprocessing = 0;
		};
/* End PBXSourcesBuildPhase section */

/* Begin PBXVariantGroup section */
		526D556D2AA673A20099E9E8 /* Main.storyboard */ = {
			isa = PBXVariantGroup;
			children = (
				526D556E2AA673A20099E9E8 /* Base */,
			);
			name = Main.storyboard;
			sourceTree = "<group>";
		};
		526D55722AA673A40099E9E8 /* LaunchScreen.storyboard */ = {
			isa = PBXVariantGroup;
			children = (
				526D55732AA673A40099E9E8 /* Base */,
			);
			name = LaunchScreen.storyboard;
			sourceTree = "<group>";
		};
/* End PBXVariantGroup section */

/* Begin XCBuildConfiguration section */
		526D55762AA673A40099E9E8 /* Debug */ = {
			isa = XCBuildConfiguration;
			buildSettings = {
				ALWAYS_SEARCH_USER_PATHS = NO;
				CLANG_ANALYZER_NONNULL = YES;
				CLANG_ANALYZER_NUMBER_OBJECT_CONVERSION = YES_AGGRESSIVE;
				CLANG_CXX_LANGUAGE_STANDARD = "gnu++20";
				CLANG_ENABLE_MODULES = YES;
				CLANG_ENABLE_OBJC_ARC = YES;
				CLANG_ENABLE_OBJC_WEAK = YES;
				CLANG_WARN_BLOCK_CAPTURE_AUTORELEASING = YES;
				CLANG_WARN_BOOL_CONVERSION = YES;
				CLANG_WARN_COMMA = YES;
				CLANG_WARN_CONSTANT_CONVERSION = YES;
				CLANG_WARN_DEPRECATED_OBJC_IMPLEMENTATIONS = YES;
				CLANG_WARN_DIRECT_OBJC_ISA_USAGE = YES_ERROR;
				CLANG_WARN_DOCUMENTATION_COMMENTS = YES;
				CLANG_WARN_EMPTY_BODY = YES;
				CLANG_WARN_ENUM_CONVERSION = YES;
				CLANG_WARN_INFINITE_RECURSION = YES;
				CLANG_WARN_INT_CONVERSION = YES;
				CLANG_WARN_NON_LITERAL_NULL_CONVERSION = YES;
				CLANG_WARN_OBJC_IMPLICIT_RETAIN_SELF = YES;
				CLANG_WARN_OBJC_LITERAL_CONVERSION = YES;
				CLANG_WARN_OBJC_ROOT_CLASS = YES_ERROR;
				CLANG_WARN_QUOTED_INCLUDE_IN_FRAMEWORK_HEADER = YES;
				CLANG_WARN_RANGE_LOOP_ANALYSIS = YES;
				CLANG_WARN_STRICT_PROTOTYPES = YES;
				CLANG_WARN_SUSPICIOUS_MOVE = YES;
				CLANG_WARN_UNGUARDED_AVAILABILITY = YES_AGGRESSIVE;
				CLANG_WARN_UNREACHABLE_CODE = YES;
				CLANG_WARN__DUPLICATE_METHOD_MATCH = YES;
				COPY_PHASE_STRIP = NO;
				DEBUG_INFORMATION_FORMAT = dwarf;
				ENABLE_STRICT_OBJC_MSGSEND = YES;
				ENABLE_TESTABILITY = YES;
				GCC_C_LANGUAGE_STANDARD = gnu11;
				GCC_DYNAMIC_NO_PIC = NO;
				GCC_NO_COMMON_BLOCKS = YES;
				GCC_OPTIMIZATION_LEVEL = 0;
				GCC_PREPROCESSOR_DEFINITIONS = (
					"DEBUG=1",
					"$(inherited)",
				);
				GCC_WARN_64_TO_32_BIT_CONVERSION = YES;
				GCC_WARN_ABOUT_RETURN_TYPE = YES_ERROR;
				GCC_WARN_UNDECLARED_SELECTOR = YES;
				GCC_WARN_UNINITIALIZED_AUTOS = YES_AGGRESSIVE;
				GCC_WARN_UNUSED_FUNCTION = YES;
				GCC_WARN_UNUSED_VARIABLE = YES;
				IPHONEOS_DEPLOYMENT_TARGET = 16.4;
				MTL_ENABLE_DEBUG_INFO = INCLUDE_SOURCE;
				MTL_FAST_MATH = YES;
				ONLY_ACTIVE_ARCH = YES;
				SDKROOT = iphoneos;
				SWIFT_ACTIVE_COMPILATION_CONDITIONS = DEBUG;
				SWIFT_OPTIMIZATION_LEVEL = "-Onone";
			};
			name = Debug;
		};
		526D55772AA673A40099E9E8 /* Release */ = {
			isa = XCBuildConfiguration;
			buildSettings = {
				ALWAYS_SEARCH_USER_PATHS = NO;
				CLANG_ANALYZER_NONNULL = YES;
				CLANG_ANALYZER_NUMBER_OBJECT_CONVERSION = YES_AGGRESSIVE;
				CLANG_CXX_LANGUAGE_STANDARD = "gnu++20";
				CLANG_ENABLE_MODULES = YES;
				CLANG_ENABLE_OBJC_ARC = YES;
				CLANG_ENABLE_OBJC_WEAK = YES;
				CLANG_WARN_BLOCK_CAPTURE_AUTORELEASING = YES;
				CLANG_WARN_BOOL_CONVERSION = YES;
				CLANG_WARN_COMMA = YES;
				CLANG_WARN_CONSTANT_CONVERSION = YES;
				CLANG_WARN_DEPRECATED_OBJC_IMPLEMENTATIONS = YES;
				CLANG_WARN_DIRECT_OBJC_ISA_USAGE = YES_ERROR;
				CLANG_WARN_DOCUMENTATION_COMMENTS = YES;
				CLANG_WARN_EMPTY_BODY = YES;
				CLANG_WARN_ENUM_CONVERSION = YES;
				CLANG_WARN_INFINITE_RECURSION = YES;
				CLANG_WARN_INT_CONVERSION = YES;
				CLANG_WARN_NON_LITERAL_NULL_CONVERSION = YES;
				CLANG_WARN_OBJC_IMPLICIT_RETAIN_SELF = YES;
				CLANG_WARN_OBJC_LITERAL_CONVERSION = YES;
				CLANG_WARN_OBJC_ROOT_CLASS = YES_ERROR;
				CLANG_WARN_QUOTED_INCLUDE_IN_FRAMEWORK_HEADER = YES;
				CLANG_WARN_RANGE_LOOP_ANALYSIS = YES;
				CLANG_WARN_STRICT_PROTOTYPES = YES;
				CLANG_WARN_SUSPICIOUS_MOVE = YES;
				CLANG_WARN_UNGUARDED_AVAILABILITY = YES_AGGRESSIVE;
				CLANG_WARN_UNREACHABLE_CODE = YES;
				CLANG_WARN__DUPLICATE_METHOD_MATCH = YES;
				COPY_PHASE_STRIP = NO;
				DEBUG_INFORMATION_FORMAT = "dwarf-with-dsym";
				ENABLE_NS_ASSERTIONS = NO;
				ENABLE_STRICT_OBJC_MSGSEND = YES;
				GCC_C_LANGUAGE_STANDARD = gnu11;
				GCC_NO_COMMON_BLOCKS = YES;
				GCC_WARN_64_TO_32_BIT_CONVERSION = YES;
				GCC_WARN_ABOUT_RETURN_TYPE = YES_ERROR;
				GCC_WARN_UNDECLARED_SELECTOR = YES;
				GCC_WARN_UNINITIALIZED_AUTOS = YES_AGGRESSIVE;
				GCC_WARN_UNUSED_FUNCTION = YES;
				GCC_WARN_UNUSED_VARIABLE = YES;
				IPHONEOS_DEPLOYMENT_TARGET = 16.4;
				MTL_ENABLE_DEBUG_INFO = NO;
				MTL_FAST_MATH = YES;
				SDKROOT = iphoneos;
				SWIFT_COMPILATION_MODE = wholemodule;
				SWIFT_OPTIMIZATION_LEVEL = "-O";
				VALIDATE_PRODUCT = YES;
			};
			name = Release;
		};
		526D55792AA673A40099E9E8 /* Debug */ = {
			isa = XCBuildConfiguration;
			buildSettings = {
				ASSETCATALOG_COMPILER_APPICON_NAME = AppIcon;
				ASSETCATALOG_COMPILER_GLOBAL_ACCENT_COLOR_NAME = AccentColor;
				CODE_SIGN_STYLE = Automatic;
				CURRENT_PROJECT_VERSION = 1;
				DEVELOPMENT_TEAM = MPTU59K97X;
				GENERATE_INFOPLIST_FILE = YES;
				INFOPLIST_FILE = NewsApp/Info.plist;
				INFOPLIST_KEY_UIApplicationSupportsIndirectInputEvents = YES;
				INFOPLIST_KEY_UILaunchStoryboardName = LaunchScreen;
				INFOPLIST_KEY_UIMainStoryboardFile = Main;
				INFOPLIST_KEY_UISupportedInterfaceOrientations = "UIInterfaceOrientationLandscapeLeft UIInterfaceOrientationLandscapeRight UIInterfaceOrientationPortrait";
				INFOPLIST_KEY_UISupportedInterfaceOrientations_iPad = "UIInterfaceOrientationLandscapeLeft UIInterfaceOrientationLandscapeRight UIInterfaceOrientationPortrait UIInterfaceOrientationPortraitUpsideDown";
				LD_RUNPATH_SEARCH_PATHS = (
					"$(inherited)",
					"@executable_path/Frameworks",
				);
				MARKETING_VERSION = 1.0;
				PRODUCT_BUNDLE_IDENTIFIER = EcemOzturk.NewsApp;
				PRODUCT_NAME = "$(TARGET_NAME)";
				SWIFT_EMIT_LOC_STRINGS = YES;
				SWIFT_VERSION = 5.0;
				TARGETED_DEVICE_FAMILY = "1,2";
			};
			name = Debug;
		};
		526D557A2AA673A40099E9E8 /* Release */ = {
			isa = XCBuildConfiguration;
			buildSettings = {
				ASSETCATALOG_COMPILER_APPICON_NAME = AppIcon;
				ASSETCATALOG_COMPILER_GLOBAL_ACCENT_COLOR_NAME = AccentColor;
				CODE_SIGN_STYLE = Automatic;
				CURRENT_PROJECT_VERSION = 1;
				DEVELOPMENT_TEAM = MPTU59K97X;
				GENERATE_INFOPLIST_FILE = YES;
				INFOPLIST_FILE = NewsApp/Info.plist;
				INFOPLIST_KEY_UIApplicationSupportsIndirectInputEvents = YES;
				INFOPLIST_KEY_UILaunchStoryboardName = LaunchScreen;
				INFOPLIST_KEY_UIMainStoryboardFile = Main;
				INFOPLIST_KEY_UISupportedInterfaceOrientations = "UIInterfaceOrientationLandscapeLeft UIInterfaceOrientationLandscapeRight UIInterfaceOrientationPortrait";
				INFOPLIST_KEY_UISupportedInterfaceOrientations_iPad = "UIInterfaceOrientationLandscapeLeft UIInterfaceOrientationLandscapeRight UIInterfaceOrientationPortrait UIInterfaceOrientationPortraitUpsideDown";
				LD_RUNPATH_SEARCH_PATHS = (
					"$(inherited)",
					"@executable_path/Frameworks",
				);
				MARKETING_VERSION = 1.0;
				PRODUCT_BUNDLE_IDENTIFIER = EcemOzturk.NewsApp;
				PRODUCT_NAME = "$(TARGET_NAME)";
				SWIFT_EMIT_LOC_STRINGS = YES;
				SWIFT_VERSION = 5.0;
				TARGETED_DEVICE_FAMILY = "1,2";
			};
			name = Release;
		};
/* End XCBuildConfiguration section */

/* Begin XCConfigurationList section */
		526D555F2AA673A20099E9E8 /* Build configuration list for PBXProject "NewsApp" */ = {
			isa = XCConfigurationList;
			buildConfigurations = (
				526D55762AA673A40099E9E8 /* Debug */,
				526D55772AA673A40099E9E8 /* Release */,
			);
			defaultConfigurationIsVisible = 0;
			defaultConfigurationName = Release;
		};
		526D55782AA673A40099E9E8 /* Build configuration list for PBXNativeTarget "NewsApp" */ = {
			isa = XCConfigurationList;
			buildConfigurations = (
				526D55792AA673A40099E9E8 /* Debug */,
				526D557A2AA673A40099E9E8 /* Release */,
			);
			defaultConfigurationIsVisible = 0;
			defaultConfigurationName = Release;
		};
/* End XCConfigurationList section */

/* Begin XCRemoteSwiftPackageReference section */
		522C7EE62AB1D00000460EC7 /* XCRemoteSwiftPackageReference "Kingfisher" */ = {
			isa = XCRemoteSwiftPackageReference;
			repositoryURL = "https://github.com/onevcat/Kingfisher.git";
			requirement = {
				kind = upToNextMajorVersion;
				minimumVersion = 7.0.0;
			};
		};
		526D557B2AA67B400099E9E8 /* XCRemoteSwiftPackageReference "lottie-spm" */ = {
			isa = XCRemoteSwiftPackageReference;
			repositoryURL = "https://github.com/airbnb/lottie-spm.git";
			requirement = {
				kind = upToNextMajorVersion;
				minimumVersion = 4.0.0;
			};
		};
		527ABE292AAD115E00238857 /* XCRemoteSwiftPackageReference "firebase-ios-sdk" */ = {
			isa = XCRemoteSwiftPackageReference;
			repositoryURL = "https://github.com/firebase/firebase-ios-sdk";
			requirement = {
				kind = upToNextMajorVersion;
				minimumVersion = 10.0.0;
			};
		};
/* End XCRemoteSwiftPackageReference section */

/* Begin XCSwiftPackageProductDependency section */
		522C7EE72AB1D00000460EC7 /* Kingfisher */ = {
			isa = XCSwiftPackageProductDependency;
			package = 522C7EE62AB1D00000460EC7 /* XCRemoteSwiftPackageReference "Kingfisher" */;
			productName = Kingfisher;
		};
		526D557C2AA67B400099E9E8 /* Lottie */ = {
			isa = XCSwiftPackageProductDependency;
			package = 526D557B2AA67B400099E9E8 /* XCRemoteSwiftPackageReference "lottie-spm" */;
			productName = Lottie;
		};
		527ABE2A2AAD115E00238857 /* FirebaseAuth */ = {
			isa = XCSwiftPackageProductDependency;
			package = 527ABE292AAD115E00238857 /* XCRemoteSwiftPackageReference "firebase-ios-sdk" */;
			productName = FirebaseAuth;
		};
/* End XCSwiftPackageProductDependency section */
	};
	rootObject = 526D555C2AA673A20099E9E8 /* Project object */;
}
